
Microsoft Visual Studio Solution File, Format Version 12.00
# Visual Studio Version 16
VisualStudioVersion = 16.0.29609.76
MinimumVisualStudioVersion = 10.0.40219.1
Project("{9A19103F-16F7-4668-BE54-9A1E7A4F7556}") = "FoxHound.Web", "FoxHound.Web\FoxHound.Web.csproj", "{959328B6-5903-4499-8C4C-4AE674242E9E}"
EndProject
Project("{9A19103F-16F7-4668-BE54-9A1E7A4F7556}") = "FoxHound.App", "FoxHound.App\FoxHound.App.csproj", "{A47C78FD-DDE3-402E-973F-BD1D7C7F8159}"
EndProject
Project("{2150E333-8FDC-42A3-9474-1A3956D46DE8}") = "Tests", "Tests", "{99DF41FD-64DD-4469-BED5-27B6854FCC2E}"
EndProject
Project("{9A19103F-16F7-4668-BE54-9A1E7A4F7556}") = "FoxHound.App.Tests", "FoxHound.App.Tests\FoxHound.App.Tests.csproj", "{FED7BCA7-CBC7-46A5-BEBC-A36873B79218}"
EndProject
Project("{FAE04EC0-301F-11D3-BF4B-00C04F79EFBC}") = "FoxHound.IDP", "FoxHound.IDP\FoxHound.IDP.csproj", "{A59B72C5-A369-4173-9D6A-BF69B18D661C}"
EndProject
Global
	GlobalSection(SolutionConfigurationPlatforms) = preSolution
		Debug|Any CPU = Debug|Any CPU
		Release|Any CPU = Release|Any CPU
	EndGlobalSection
	GlobalSection(ProjectConfigurationPlatforms) = postSolution
		{959328B6-5903-4499-8C4C-4AE674242E9E}.Debug|Any CPU.ActiveCfg = Debug|Any CPU
		{959328B6-5903-4499-8C4C-4AE674242E9E}.Debug|Any CPU.Build.0 = Debug|Any CPU
		{959328B6-5903-4499-8C4C-4AE674242E9E}.Release|Any CPU.ActiveCfg = Release|Any CPU
		{959328B6-5903-4499-8C4C-4AE674242E9E}.Release|Any CPU.Build.0 = Release|Any CPU
		{A47C78FD-DDE3-402E-973F-BD1D7C7F8159}.Debug|Any CPU.ActiveCfg = Debug|Any CPU
		{A47C78FD-DDE3-402E-973F-BD1D7C7F8159}.Debug|Any CPU.Build.0 = Debug|Any CPU
		{A47C78FD-DDE3-402E-973F-BD1D7C7F8159}.Release|Any CPU.ActiveCfg = Release|Any CPU
		{A47C78FD-DDE3-402E-973F-BD1D7C7F8159}.Release|Any CPU.Build.0 = Release|Any CPU
		{FED7BCA7-CBC7-46A5-BEBC-A36873B79218}.Debug|Any CPU.ActiveCfg = Debug|Any CPU
		{FED7BCA7-CBC7-46A5-BEBC-A36873B79218}.Debug|Any CPU.Build.0 = Debug|Any CPU
		{FED7BCA7-CBC7-46A5-BEBC-A36873B79218}.Release|Any CPU.ActiveCfg = Release|Any CPU
		{FED7BCA7-CBC7-46A5-BEBC-A36873B79218}.Release|Any CPU.Build.0 = Release|Any CPU
		{A59B72C5-A369-4173-9D6A-BF69B18D661C}.Debug|Any CPU.ActiveCfg = Debug|Any CPU
		{A59B72C5-A369-4173-9D6A-BF69B18D661C}.Debug|Any CPU.Build.0 = Debug|Any CPU
		{A59B72C5-A369-4173-9D6A-BF69B18D661C}.Release|Any CPU.ActiveCfg = Release|Any CPU
		{A59B72C5-A369-4173-9D6A-BF69B18D661C}.Release|Any CPU.Build.0 = Release|Any CPU
	EndGlobalSection
	GlobalSection(SolutionProperties) = preSolution
		HideSolutionNode = FALSE
	EndGlobalSection
	GlobalSection(NestedProjects) = preSolution
		{FED7BCA7-CBC7-46A5-BEBC-A36873B79218} = {99DF41FD-64DD-4469-BED5-27B6854FCC2E}
	EndGlobalSection
	GlobalSection(ExtensibilityGlobals) = postSolution
		SolutionGuid = {E607BD3E-B0EE-47C0-9294-B543422CDDF8}
	EndGlobalSection
EndGlobal
